// !$*UTF8*$!
{
	archiveVersion = 1;
	classes = {
	};
	objectVersion = 46;
	objects = {

/* Begin PBXBuildFile section */
		15BFF94E1E4A471400651A19 /* AppDelegate.swift in Sources */ = {isa = PBXBuildFile; fileRef = 15BFF94D1E4A471400651A19 /* AppDelegate.swift */; };
		15BFF9501E4A471400651A19 /* ViewController.swift in Sources */ = {isa = PBXBuildFile; fileRef = 15BFF94F1E4A471400651A19 /* ViewController.swift */; };
		15BFF9531E4A471400651A19 /* Main.storyboard in Resources */ = {isa = PBXBuildFile; fileRef = 15BFF9511E4A471400651A19 /* Main.storyboard */; };
		15BFF9551E4A471400651A19 /* Assets.xcassets in Resources */ = {isa = PBXBuildFile; fileRef = 15BFF9541E4A471400651A19 /* Assets.xcassets */; };
		15BFF9581E4A471400651A19 /* LaunchScreen.storyboard in Resources */ = {isa = PBXBuildFile; fileRef = 15BFF9561E4A471400651A19 /* LaunchScreen.storyboard */; };
/* End PBXBuildFile section */

/* Begin PBXFileReference section */
		15BFF94A1E4A471400651A19 /* rockpaperscissor.n.app */ = {isa = PBXFileReference; explicitFileType = wrapper.application; includeInIndex = 0; path = rockpaperscissor.n.app; sourceTree = BUILT_PRODUCTS_DIR; };
		15BFF94D1E4A471400651A19 /* AppDelegate.swift */ = {isa = PBXFileReference; lastKnownFileType = sourcecode.swift; path = AppDelegate.swift; sourceTree = "<group>"; };
		15BFF94F1E4A471400651A19 /* ViewController.swift */ = {isa = PBXFileReference; lastKnownFileType = sourcecode.swift; path = ViewController.swift; sourceTree = "<group>"; };
		15BFF9521E4A471400651A19 /* Base */ = {isa = PBXFileReference; lastKnownFileType = file.storyboard; name = Base; path = Base.lproj/Main.storyboard; sourceTree = "<group>"; };
		15BFF9541E4A471400651A19 /* Assets.xcassets */ = {isa = PBXFileReference; lastKnownFileType = folder.assetcatalog; path = Assets.xcassets; sourceTree = "<group>"; };
		15BFF9571E4A471400651A19 /* Base */ = {isa = PBXFileReference; lastKnownFileType = file.storyboard; name = Base; path = Base.lproj/LaunchScreen.storyboard; sourceTree = "<group>"; };
		15BFF9591E4A471400651A19 /* Info.plist */ = {isa = PBXFileReference; lastKnownFileType = text.plist.xml; path = Info.plist; sourceTree = "<group>"; };
/* End PBXFileReference section */

/* Begin PBXFrameworksBuildPhase section */
		15BFF9471E4A471300651A19 /* Frameworks */ = {
			isa = PBXFrameworksBuildPhase;
			buildActionMask = 2147483647;
			files = (
			);
			runOnlyForDeploymentPostprocessing = 0;
		};
/* End PBXFrameworksBuildPhase section */

/* Begin PBXGroup section */
		15BFF9411E4A471300651A19 = {
			isa = PBXGroup;
			children = (
				15BFF94C1E4A471400651A19 /* rockpaperscissor.n */,
				15BFF94B1E4A471400651A19 /* Products */,
			);
			sourceTree = "<group>";
		};
		15BFF94B1E4A471400651A19 /* Products */ = {
			isa = PBXGroup;
			children = (
				15BFF94A1E4A471400651A19 /* rockpaperscissor.n.app */,
			);
			name = Products;
			sourceTree = "<group>";
		};
		15BFF94C1E4A471400651A19 /* rockpaperscissor.n */ = {
			isa = PBXGroup;
			children = (
				15BFF94D1E4A471400651A19 /* AppDelegate.swift */,
				15BFF94F1E4A471400651A19 /* ViewController.swift */,
				15BFF9511E4A471400651A19 /* Main.storyboard */,
				15BFF9541E4A471400651A19 /* Assets.xcassets */,
				15BFF9561E4A471400651A19 /* LaunchScreen.storyboard */,
				15BFF9591E4A471400651A19 /* Info.plist */,
			);
			path = rockpaperscissor.n;
			sourceTree = "<group>";
		};
/* End PBXGroup section */

/* Begin PBXNativeTarget section */
		15BFF9491E4A471300651A19 /* rockpaperscissor.n */ = {
			isa = PBXNativeTarget;
			buildConfigurationList = 15BFF95C1E4A471400651A19 /* Build configuration list for PBXNativeTarget "rockpaperscissor.n" */;
			buildPhases = (
				15BFF9461E4A471300651A19 /* Sources */,
				15BFF9471E4A471300651A19 /* Frameworks */,
				15BFF9481E4A471300651A19 /* Resources */,
			);
			buildRules = (
			);
			dependencies = (
			);
			name = rockpaperscissor.n;
			productName = rockpaperscissor.n;
			productReference = 15BFF94A1E4A471400651A19 /* rockpaperscissor.n.app */;
			productType = "com.apple.product-type.application";
		};
/* End PBXNativeTarget section */

/* Begin PBXProject section */
		15BFF9421E4A471300651A19 /* Project object */ = {
			isa = PBXProject;
			attributes = {
				LastSwiftUpdateCheck = 0820;
				LastUpgradeCheck = 0820;
				ORGANIZATIONNAME = "Geeksoft llc";
				TargetAttributes = {
					15BFF9491E4A471300651A19 = {
						CreatedOnToolsVersion = 8.2.1;
						ProvisioningStyle = Automatic;
					};
				};
			};
			buildConfigurationList = 15BFF9451E4A471300651A19 /* Build configuration list for PBXProject "rockpaperscissor.n" */;
			compatibilityVersion = "Xcode 3.2";
			developmentRegion = English;
			hasScannedForEncodings = 0;
			knownRegions = (
				en,
				Base,
			);
			mainGroup = 15BFF9411E4A471300651A19;
			productRefGroup = 15BFF94B1E4A471400651A19 /* Products */;
			projectDirPath = "";
			projectRoot = "";
			targets = (
				15BFF9491E4A471300651A19 /* rockpaperscissor.n */,
			);
		};
/* End PBXProject section */

/* Begin PBXResourcesBuildPhase section */
		15BFF9481E4A471300651A19 /* Resources */ = {
			isa = PBXResourcesBuildPhase;
			buildActionMask = 2147483647;
			files = (
				15BFF9581E4A471400651A19 /* LaunchScreen.storyboard in Resources */,
				15BFF9551E4A471400651A19 /* Assets.xcassets in Resources */,
				15BFF9531E4A471400651A19 /* Main.storyboard in Resources */,
			);
			runOnlyForDeploymentPostprocessing = 0;
		};
/* End PBXResourcesBuildPhase section */

/* Begin PBXSourcesBuildPhase section */
		15BFF9461E4A471300651A19 /* Sources */ = {
			isa = PBXSourcesBuildPhase;
			buildActionMask = 2147483647;
			files = (
				15BFF9501E4A471400651A19 /* ViewController.swift in Sources */,
				15BFF94E1E4A471400651A19 /* AppDelegate.swift in Sources */,
			);
			runOnlyForDeploymentPostprocessing = 0;
		};
/* End PBXSourcesBuildPhase section */

/* Begin PBXVariantGroup section */
		15BFF9511E4A471400651A19 /* Main.storyboard */ = {
			isa = PBXVariantGroup;
			children = (
				15BFF9521E4A471400651A19 /* Base */,
			);
			name = Main.storyboard;
			sourceTree = "<group>";
		};
		15BFF9561E4A471400651A19 /* LaunchScreen.storyboard */ = {
			isa = PBXVariantGroup;
			children = (
				15BFF9571E4A471400651A19 /* Base */,
			);
			name = LaunchScreen.storyboard;
			sourceTree = "<group>";
		};
/* End PBXVariantGroup section */

/* Begin XCBuildConfiguration section */
		15BFF95A1E4A471400651A19 /* Debug */ = {
			isa = XCBuildConfiguration;
			buildSettings = {
				ALWAYS_SEARCH_USER_PATHS = NO;
				CLANG_ANALYZER_NONNULL = YES;
				CLANG_CXX_LANGUAGE_STANDARD = "gnu++0x";
				CLANG_CXX_LIBRARY = "libc++";
				CLANG_ENABLE_MODULES = YES;
				CLANG_ENABLE_OBJC_ARC = YES;
				CLANG_WARN_BOOL_CONVERSION = YES;
				CLANG_WARN_CONSTANT_CONVERSION = YES;
				CLANG_WARN_DIRECT_OBJC_ISA_USAGE = YES_ERROR;
				CLANG_WARN_DOCUMENTATION_COMMENTS = YES;
				CLANG_WARN_EMPTY_BODY = YES;
				CLANG_WARN_ENUM_CONVERSION = YES;
				CLANG_WARN_INFINITE_RECURSION = YES;
				CLANG_WARN_INT_CONVERSION = YES;
				CLANG_WARN_OBJC_ROOT_CLASS = YES_ERROR;
				CLANG_WARN_SUSPICIOUS_MOVE = YES;
				CLANG_WARN_UNREACHABLE_CODE = YES;
				CLANG_WARN__DUPLICATE_METHOD_MATCH = YES;
				"CODE_SIGN_IDENTITY[sdk=iphoneos*]" = "iPhone Developer";
				COPY_PHASE_STRIP = NO;
				DEBUG_INFORMATION_FORMAT = dwarf;
				ENABLE_STRICT_OBJC_MSGSEND = YES;
				ENABLE_TESTABILITY = YES;
				GCC_C_LANGUAGE_STANDARD = gnu99;
				GCC_DYNAMIC_NO_PIC = NO;
				GCC_NO_COMMON_BLOCKS = YES;
				GCC_OPTIMIZATION_LEVEL = 0;
				GCC_PREPROCESSOR_DEFINITIONS = (
					"DEBUG=1",
					"$(inherited)",
				);
				GCC_WARN_64_TO_32_BIT_CONVERSION = YES;
				GCC_WARN_ABOUT_RETURN_TYPE = YES_ERROR;
				GCC_WARN_UNDECLARED_SELECTOR = YES;
				GCC_WARN_UNINITIALIZED_AUTOS = YES_AGGRESSIVE;
				GCC_WARN_UNUSED_FUNCTION = YES;
				GCC_WARN_UNUSED_VARIABLE = YES;
				IPHONEOS_DEPLOYMENT_TARGET = 10.2;
				MTL_ENABLE_DEBUG_INFO = YES;
				ONLY_ACTIVE_ARCH = YES;
				SDKROOT = iphoneos;
				SWIFT_ACTIVE_COMPILATION_CONDITIONS = DEBUG;
				SWIFT_OPTIMIZATION_LEVEL = "-Onone";
			};
			name = Debug;
		};
		15BFF95B1E4A471400651A19 /* Release */ = {
			isa = XCBuildConfiguration;
			buildSettings = {
				ALWAYS_SEARCH_USER_PATHS = NO;
				CLANG_ANALYZER_NONNULL = YES;
				CLANG_CXX_LANGUAGE_STANDARD = "gnu++0x";
				CLANG_CXX_LIBRARY = "libc++";
				CLANG_ENABLE_MODULES = YES;
				CLANG_ENABLE_OBJC_ARC = YES;
				CLANG_WARN_BOOL_CONVERSION = YES;
				CLANG_WARN_CONSTANT_CONVERSION = YES;
				CLANG_WARN_DIRECT_OBJC_ISA_USAGE = YES_ERROR;
				CLANG_WARN_DOCUMENTATION_COMMENTS = YES;
				CLANG_WARN_EMPTY_BODY = YES;
				CLANG_WARN_ENUM_CONVERSION = YES;
				CLANG_WARN_INFINITE_RECURSION = YES;
				CLANG_WARN_INT_CONVERSION = YES;
				CLANG_WARN_OBJC_ROOT_CLASS = YES_ERROR;
				CLANG_WARN_SUSPICIOUS_MOVE = YES;
				CLANG_WARN_UNREACHABLE_CODE = YES;
				CLANG_WARN__DUPLICATE_METHOD_MATCH = YES;
				"CODE_SIGN_IDENTITY[sdk=iphoneos*]" = "iPhone Developer";
				COPY_PHASE_STRIP = NO;
				DEBUG_INFORMATION_FORMAT = "dwarf-with-dsym";
				ENABLE_NS_ASSERTIONS = NO;
				ENABLE_STRICT_OBJC_MSGSEND = YES;
				GCC_C_LANGUAGE_STANDARD = gnu99;
				GCC_NO_COMMON_BLOCKS = YES;
				GCC_WARN_64_TO_32_BIT_CONVERSION = YES;
				GCC_WARN_ABOUT_RETURN_TYPE = YES_ERROR;
				GCC_WARN_UNDECLARED_SELECTOR = YES;
				GCC_WARN_UNINITIALIZED_AUTOS = YES_AGGRESSIVE;
				GCC_WARN_UNUSED_FUNCTION = YES;
				GCC_WARN_UNUSED_VARIABLE = YES;
				IPHONEOS_DEPLOYMENT_TARGET = 10.2;
				MTL_ENABLE_DEBUG_INFO = NO;
				SDKROOT = iphoneos;
				SWIFT_OPTIMIZATION_LEVEL = "-Owholemodule";
				VALIDATE_PRODUCT = YES;
			};
			name = Release;
		};
		15BFF95D1E4A471400651A19 /* Debug */ = {
			isa = XCBuildConfiguration;
			buildSettings = {
				ASSETCATALOG_COMPILER_APPICON_NAME = AppIcon;
				INFOPLIST_FILE = rockpaperscissor.n/Info.plist;
				LD_RUNPATH_SEARCH_PATHS = "$(inherited) @executable_path/Frameworks";
				PRODUCT_BUNDLE_IDENTIFIER = "com.Harish.rockpaperscissor-n";
				PRODUCT_NAME = "$(TARGET_NAME)";
				SWIFT_VERSION = 3.0;
			};
			name = Debug;
		};
		15BFF95E1E4A471400651A19 /* Release */ = {
			isa = XCBuildConfiguration;
			buildSettings = {
				ASSETCATALOG_COMPILER_APPICON_NAME = AppIcon;
				INFOPLIST_FILE = rockpaperscissor.n/Info.plist;
				LD_RUNPATH_SEARCH_PATHS = "$(inherited) @executable_path/Frameworks";
				PRODUCT_BUNDLE_IDENTIFIER = "com.Harish.rockpaperscissor-n";
				PRODUCT_NAME = "$(TARGET_NAME)";
				SWIFT_VERSION = 3.0;
			};
			name = Release;
		};
/* End XCBuildConfiguration section */

/* Begin XCConfigurationList section */
		15BFF9451E4A471300651A19 /* Build configuration list for PBXProject "rockpaperscissor.n" */ = {
			isa = XCConfigurationList;
			buildConfigurations = (
				15BFF95A1E4A471400651A19 /* Debug */,
				15BFF95B1E4A471400651A19 /* Release */,
			);
			defaultConfigurationIsVisible = 0;
			defaultConfigurationName = Release;
		};
		15BFF95C1E4A471400651A19 /* Build configuration list for PBXNativeTarget "rockpaperscissor.n" */ = {
			isa = XCConfigurationList;
			buildConfigurations = (
				15BFF95D1E4A471400651A19 /* Debug */,
				15BFF95E1E4A471400651A19 /* Release */,
			);
			defaultConfigurationIsVisible = 0;
		};
/* End XCConfigurationList section */
	};
	rootObject = 15BFF9421E4A471300651A19 /* Project object */;
}
